// !$*UTF8*$!
{
	archiveVersion = 1;
	classes = {
	};
	objectVersion = 46;
	objects = {

/* Begin PBXBuildFile section */
		742E62881F6B63B8001943DE /* WorkoutListTableViewCell.swift in Sources */ = {isa = PBXBuildFile; fileRef = 742E62871F6B63B8001943DE /* WorkoutListTableViewCell.swift */; };
		744362801F6CCC86006BC0BB /* TitilliumWeb-Regular.ttf in Resources */ = {isa = PBXBuildFile; fileRef = 7443627F1F6CCC86006BC0BB /* TitilliumWeb-Regular.ttf */; };
		744362821F6CD2BC006BC0BB /* SettingsController.swift in Sources */ = {isa = PBXBuildFile; fileRef = 744362811F6CD2BC006BC0BB /* SettingsController.swift */; };
		744CFD781F6836BD00C3679E /* Capstone.xcdatamodeld in Sources */ = {isa = PBXBuildFile; fileRef = 744CFD761F6836BD00C3679E /* Capstone.xcdatamodeld */; };
		744CFD7A1F6837F300C3679E /* CoreDataStack.swift in Sources */ = {isa = PBXBuildFile; fileRef = 744CFD791F6837F300C3679E /* CoreDataStack.swift */; };
		7450976F1F6DED0D00F4D30F /* WorkoutExerciseActual.swift in Sources */ = {isa = PBXBuildFile; fileRef = 7450976E1F6DED0D00F4D30F /* WorkoutExerciseActual.swift */; };
		745097711F6DEE2900F4D30F /* ExerciseSetActual.swift in Sources */ = {isa = PBXBuildFile; fileRef = 745097701F6DEE2900F4D30F /* ExerciseSetActual.swift */; };
		7464F71D1F698000006C48B8 /* FetchedResultsController.swift in Sources */ = {isa = PBXBuildFile; fileRef = 7464F71C1F698000006C48B8 /* FetchedResultsController.swift */; };
		7464F71F1F6988B6006C48B8 /* TagColor.swift in Sources */ = {isa = PBXBuildFile; fileRef = 7464F71E1F6988B6006C48B8 /* TagColor.swift */; };
		7464F7211F69891E006C48B8 /* ActualWorkout.swift in Sources */ = {isa = PBXBuildFile; fileRef = 7464F7201F69891E006C48B8 /* ActualWorkout.swift */; };
		7464F7231F698ADE006C48B8 /* ActualWorkoutController.swift in Sources */ = {isa = PBXBuildFile; fileRef = 7464F7221F698ADE006C48B8 /* ActualWorkoutController.swift */; };
		747CFA171F5C5E2C00CCEA13 /* WorkoutCompleted.swift in Sources */ = {isa = PBXBuildFile; fileRef = 747CFA161F5C5E2C00CCEA13 /* WorkoutCompleted.swift */; };
		747CFA191F5C74F800CCEA13 /* HomeViewController.swift in Sources */ = {isa = PBXBuildFile; fileRef = 747CFA181F5C74F800CCEA13 /* HomeViewController.swift */; };
		747CFA1B1F5C81D700CCEA13 /* WorkoutTitleTableViewCell.swift in Sources */ = {isa = PBXBuildFile; fileRef = 747CFA1A1F5C81D700CCEA13 /* WorkoutTitleTableViewCell.swift */; };
		747CFA1E1F5CBC7900CCEA13 /* Cloneable.swift in Sources */ = {isa = PBXBuildFile; fileRef = 747CFA1D1F5CBC7900CCEA13 /* Cloneable.swift */; };
		747CFA201F5CC2E300CCEA13 /* WorkoutCompletedController.swift in Sources */ = {isa = PBXBuildFile; fileRef = 747CFA1F1F5CC2E300CCEA13 /* WorkoutCompletedController.swift */; };
		747CFA221F5CC97000CCEA13 /* StartedWorkoutOverviewViewController.swift in Sources */ = {isa = PBXBuildFile; fileRef = 747CFA211F5CC97000CCEA13 /* StartedWorkoutOverviewViewController.swift */; };
		747CFA241F5CCE4100CCEA13 /* StartedWorkoutExerciseTableViewCell.swift in Sources */ = {isa = PBXBuildFile; fileRef = 747CFA231F5CCE4100CCEA13 /* StartedWorkoutExerciseTableViewCell.swift */; };
		747CFA261F5CD20600CCEA13 /* StartedWorkoutSetCollectionViewCell.swift in Sources */ = {isa = PBXBuildFile; fileRef = 747CFA251F5CD20600CCEA13 /* StartedWorkoutSetCollectionViewCell.swift */; };
		747CFA281F5DC7D600CCEA13 /* StartedWorkoutExerciseDetailViewController.swift in Sources */ = {isa = PBXBuildFile; fileRef = 747CFA271F5DC7D600CCEA13 /* StartedWorkoutExerciseDetailViewController.swift */; };
		747CFA2A1F5DD41E00CCEA13 /* StartedWorkoutSetDetailTableViewCell.swift in Sources */ = {isa = PBXBuildFile; fileRef = 747CFA291F5DD41E00CCEA13 /* StartedWorkoutSetDetailTableViewCell.swift */; };
		749AD5531F53483800EB481E /* Workout.swift in Sources */ = {isa = PBXBuildFile; fileRef = 749AD5521F53483800EB481E /* Workout.swift */; };
		749D705A1F55B6EC00F5C742 /* NewWorkoutPageViewController.swift in Sources */ = {isa = PBXBuildFile; fileRef = 749D70591F55B6EC00F5C742 /* NewWorkoutPageViewController.swift */; };
		749D705C1F55B94800F5C742 /* NewWorkoutExercisesSelectedViewController.swift in Sources */ = {isa = PBXBuildFile; fileRef = 749D705B1F55B94800F5C742 /* NewWorkoutExercisesSelectedViewController.swift */; };
		749D705E1F55D18300F5C742 /* WorkoutExerciseController.swift in Sources */ = {isa = PBXBuildFile; fileRef = 749D705D1F55D18300F5C742 /* WorkoutExerciseController.swift */; };
		749D70601F55E02300F5C742 /* WorkoutExerciseAddSetTableViewCell.swift in Sources */ = {isa = PBXBuildFile; fileRef = 749D705F1F55E02300F5C742 /* WorkoutExerciseAddSetTableViewCell.swift */; };
		749D70621F55F9EE00F5C742 /* ExerciseAddSetCollectionViewCell.swift in Sources */ = {isa = PBXBuildFile; fileRef = 749D70611F55F9EE00F5C742 /* ExerciseAddSetCollectionViewCell.swift */; };
		749D70641F5627A200F5C742 /* ExerciseSetController.swift in Sources */ = {isa = PBXBuildFile; fileRef = 749D70631F5627A200F5C742 /* ExerciseSetController.swift */; };
		74C408CC1F672E620004EEF6 /* exercises.json in Resources */ = {isa = PBXBuildFile; fileRef = 74C408CB1F672E620004EEF6 /* exercises.json */; };
		74DFED3B1F586F4F00FD6775 /* WorkoutsListViewController.swift in Sources */ = {isa = PBXBuildFile; fileRef = 74DFED3A1F586F4F00FD6775 /* WorkoutsListViewController.swift */; };
		74DFED3D1F586FB800FD6775 /* WorkoutController.swift in Sources */ = {isa = PBXBuildFile; fileRef = 74DFED3C1F586FB800FD6775 /* WorkoutController.swift */; };
		74EEC99E1F6C4CCF00A20DF9 /* CustomSegmentedControl.swift in Sources */ = {isa = PBXBuildFile; fileRef = 74EEC99D1F6C4CCF00A20DF9 /* CustomSegmentedControl.swift */; };
		74F17BBB1F54689A0041D8B8 /* DayOfWeek.swift in Sources */ = {isa = PBXBuildFile; fileRef = 74F17BBA1F54689A0041D8B8 /* DayOfWeek.swift */; };
		74F17BBD1F5479810041D8B8 /* WorkoutExercise.swift in Sources */ = {isa = PBXBuildFile; fileRef = 74F17BBC1F5479810041D8B8 /* WorkoutExercise.swift */; };
		74F17BBF1F547A650041D8B8 /* ExerciseSet.swift in Sources */ = {isa = PBXBuildFile; fileRef = 74F17BBE1F547A650041D8B8 /* ExerciseSet.swift */; };
		74F17BC11F5484E80041D8B8 /* NewWorkoutViewController.swift in Sources */ = {isa = PBXBuildFile; fileRef = 74F17BC01F5484E80041D8B8 /* NewWorkoutViewController.swift */; };
		74F17BC41F54865A0041D8B8 /* DaysOfWeekTableViewCell.swift in Sources */ = {isa = PBXBuildFile; fileRef = 74F17BC31F54865A0041D8B8 /* DaysOfWeekTableViewCell.swift */; };
		74F17BC71F5487630041D8B8 /* WorkoutNameTableViewCell.swift in Sources */ = {isa = PBXBuildFile; fileRef = 74F17BC61F5487630041D8B8 /* WorkoutNameTableViewCell.swift */; };
		74F17BC91F54A9220041D8B8 /* ColorTagTableViewCell.swift in Sources */ = {isa = PBXBuildFile; fileRef = 74F17BC81F54A9220041D8B8 /* ColorTagTableViewCell.swift */; };
		74FB878E1F5F00F20029C24D /* WorkoutExercisesTableViewCell.swift in Sources */ = {isa = PBXBuildFile; fileRef = 74FB878D1F5F00F20029C24D /* WorkoutExercisesTableViewCell.swift */; };
		74FB87901F5F022F0029C24D /* ExerciseSetsCollectionViewCell.swift in Sources */ = {isa = PBXBuildFile; fileRef = 74FB878F1F5F022F0029C24D /* ExerciseSetsCollectionViewCell.swift */; };
		74FB87921F5F0E3F0029C24D /* ExerciseSetsSectionNameCollectionViewCell.swift in Sources */ = {isa = PBXBuildFile; fileRef = 74FB87911F5F0E3F0029C24D /* ExerciseSetsSectionNameCollectionViewCell.swift */; };
		74FB87961F5F18AA0029C24D /* VerticalHorizontalScrollingCollectionViewLayout.swift in Sources */ = {isa = PBXBuildFile; fileRef = 74FB87951F5F18AA0029C24D /* VerticalHorizontalScrollingCollectionViewLayout.swift */; };
		74FB87981F5F51D90029C24D /* WorkoutTitleWithDateTableViewCell.swift in Sources */ = {isa = PBXBuildFile; fileRef = 74FB87971F5F51D90029C24D /* WorkoutTitleWithDateTableViewCell.swift */; };
		74FB879E1F5F747D0029C24D /* WorkoutTimer.swift in Sources */ = {isa = PBXBuildFile; fileRef = 74FB879D1F5F747D0029C24D /* WorkoutTimer.swift */; };
		74FB87A01F6072F60029C24D /* MenuItemTableViewCell.swift in Sources */ = {isa = PBXBuildFile; fileRef = 74FB879F1F6072F60029C24D /* MenuItemTableViewCell.swift */; };
		74FD89071F521CD60063A4F6 /* AppDelegate.swift in Sources */ = {isa = PBXBuildFile; fileRef = 74FD89061F521CD60063A4F6 /* AppDelegate.swift */; };
		74FD890C1F521CD70063A4F6 /* Main.storyboard in Resources */ = {isa = PBXBuildFile; fileRef = 74FD890A1F521CD70063A4F6 /* Main.storyboard */; };
		74FD890E1F521CD70063A4F6 /* Assets.xcassets in Resources */ = {isa = PBXBuildFile; fileRef = 74FD890D1F521CD70063A4F6 /* Assets.xcassets */; };
		74FD89111F521CD70063A4F6 /* LaunchScreen.storyboard in Resources */ = {isa = PBXBuildFile; fileRef = 74FD890F1F521CD70063A4F6 /* LaunchScreen.storyboard */; };
		74FD891C1F521D470063A4F6 /* Exercise.swift in Sources */ = {isa = PBXBuildFile; fileRef = 74FD891B1F521D470063A4F6 /* Exercise.swift */; };
		74FD891F1F521EC10063A4F6 /* ExerciseController.swift in Sources */ = {isa = PBXBuildFile; fileRef = 74FD891E1F521EC10063A4F6 /* ExerciseController.swift */; };
		74FD89221F52249C0063A4F6 /* ExerciseListViewController.swift in Sources */ = {isa = PBXBuildFile; fileRef = 74FD89211F52249C0063A4F6 /* ExerciseListViewController.swift */; };
/* End PBXBuildFile section */

/* Begin PBXFileReference section */
		742E62871F6B63B8001943DE /* WorkoutListTableViewCell.swift */ = {isa = PBXFileReference; fileEncoding = 4; lastKnownFileType = sourcecode.swift; path = WorkoutListTableViewCell.swift; sourceTree = "<group>"; };
		7443627F1F6CCC86006BC0BB /* TitilliumWeb-Regular.ttf */ = {isa = PBXFileReference; lastKnownFileType = file; path = "TitilliumWeb-Regular.ttf"; sourceTree = "<group>"; };
		744362811F6CD2BC006BC0BB /* SettingsController.swift */ = {isa = PBXFileReference; fileEncoding = 4; lastKnownFileType = sourcecode.swift; path = SettingsController.swift; sourceTree = "<group>"; };
		744CFD771F6836BD00C3679E /* Capstone.xcdatamodel */ = {isa = PBXFileReference; lastKnownFileType = wrapper.xcdatamodel; path = Capstone.xcdatamodel; sourceTree = "<group>"; };
		744CFD791F6837F300C3679E /* CoreDataStack.swift */ = {isa = PBXFileReference; fileEncoding = 4; lastKnownFileType = sourcecode.swift; path = CoreDataStack.swift; sourceTree = "<group>"; };
		7450976E1F6DED0D00F4D30F /* WorkoutExerciseActual.swift */ = {isa = PBXFileReference; fileEncoding = 4; lastKnownFileType = sourcecode.swift; path = WorkoutExerciseActual.swift; sourceTree = "<group>"; };
		745097701F6DEE2900F4D30F /* ExerciseSetActual.swift */ = {isa = PBXFileReference; fileEncoding = 4; lastKnownFileType = sourcecode.swift; path = ExerciseSetActual.swift; sourceTree = "<group>"; };
		7464F71C1F698000006C48B8 /* FetchedResultsController.swift */ = {isa = PBXFileReference; fileEncoding = 4; lastKnownFileType = sourcecode.swift; path = FetchedResultsController.swift; sourceTree = "<group>"; };
		7464F71E1F6988B6006C48B8 /* TagColor.swift */ = {isa = PBXFileReference; fileEncoding = 4; lastKnownFileType = sourcecode.swift; path = TagColor.swift; sourceTree = "<group>"; };
		7464F7201F69891E006C48B8 /* ActualWorkout.swift */ = {isa = PBXFileReference; fileEncoding = 4; lastKnownFileType = sourcecode.swift; path = ActualWorkout.swift; sourceTree = "<group>"; };
		7464F7221F698ADE006C48B8 /* ActualWorkoutController.swift */ = {isa = PBXFileReference; fileEncoding = 4; lastKnownFileType = sourcecode.swift; path = ActualWorkoutController.swift; sourceTree = "<group>"; };
		747CFA161F5C5E2C00CCEA13 /* WorkoutCompleted.swift */ = {isa = PBXFileReference; fileEncoding = 4; lastKnownFileType = sourcecode.swift; path = WorkoutCompleted.swift; sourceTree = "<group>"; };
		747CFA181F5C74F800CCEA13 /* HomeViewController.swift */ = {isa = PBXFileReference; fileEncoding = 4; lastKnownFileType = sourcecode.swift; path = HomeViewController.swift; sourceTree = "<group>"; };
		747CFA1A1F5C81D700CCEA13 /* WorkoutTitleTableViewCell.swift */ = {isa = PBXFileReference; fileEncoding = 4; lastKnownFileType = sourcecode.swift; path = WorkoutTitleTableViewCell.swift; sourceTree = "<group>"; };
		747CFA1D1F5CBC7900CCEA13 /* Cloneable.swift */ = {isa = PBXFileReference; fileEncoding = 4; lastKnownFileType = sourcecode.swift; path = Cloneable.swift; sourceTree = "<group>"; };
		747CFA1F1F5CC2E300CCEA13 /* WorkoutCompletedController.swift */ = {isa = PBXFileReference; fileEncoding = 4; lastKnownFileType = sourcecode.swift; path = WorkoutCompletedController.swift; sourceTree = "<group>"; };
		747CFA211F5CC97000CCEA13 /* StartedWorkoutOverviewViewController.swift */ = {isa = PBXFileReference; fileEncoding = 4; lastKnownFileType = sourcecode.swift; path = StartedWorkoutOverviewViewController.swift; sourceTree = "<group>"; };
		747CFA231F5CCE4100CCEA13 /* StartedWorkoutExerciseTableViewCell.swift */ = {isa = PBXFileReference; fileEncoding = 4; lastKnownFileType = sourcecode.swift; path = StartedWorkoutExerciseTableViewCell.swift; sourceTree = "<group>"; };
		747CFA251F5CD20600CCEA13 /* StartedWorkoutSetCollectionViewCell.swift */ = {isa = PBXFileReference; fileEncoding = 4; lastKnownFileType = sourcecode.swift; path = StartedWorkoutSetCollectionViewCell.swift; sourceTree = "<group>"; };
		747CFA271F5DC7D600CCEA13 /* StartedWorkoutExerciseDetailViewController.swift */ = {isa = PBXFileReference; fileEncoding = 4; lastKnownFileType = sourcecode.swift; path = StartedWorkoutExerciseDetailViewController.swift; sourceTree = "<group>"; };
		747CFA291F5DD41E00CCEA13 /* StartedWorkoutSetDetailTableViewCell.swift */ = {isa = PBXFileReference; fileEncoding = 4; lastKnownFileType = sourcecode.swift; path = StartedWorkoutSetDetailTableViewCell.swift; sourceTree = "<group>"; };
		749AD5521F53483800EB481E /* Workout.swift */ = {isa = PBXFileReference; fileEncoding = 4; lastKnownFileType = sourcecode.swift; path = Workout.swift; sourceTree = "<group>"; };
		749D70591F55B6EC00F5C742 /* NewWorkoutPageViewController.swift */ = {isa = PBXFileReference; fileEncoding = 4; lastKnownFileType = sourcecode.swift; path = NewWorkoutPageViewController.swift; sourceTree = "<group>"; };
		749D705B1F55B94800F5C742 /* NewWorkoutExercisesSelectedViewController.swift */ = {isa = PBXFileReference; fileEncoding = 4; lastKnownFileType = sourcecode.swift; path = NewWorkoutExercisesSelectedViewController.swift; sourceTree = "<group>"; };
		749D705D1F55D18300F5C742 /* WorkoutExerciseController.swift */ = {isa = PBXFileReference; fileEncoding = 4; lastKnownFileType = sourcecode.swift; path = WorkoutExerciseController.swift; sourceTree = "<group>"; };
		749D705F1F55E02300F5C742 /* WorkoutExerciseAddSetTableViewCell.swift */ = {isa = PBXFileReference; fileEncoding = 4; lastKnownFileType = sourcecode.swift; path = WorkoutExerciseAddSetTableViewCell.swift; sourceTree = "<group>"; };
		749D70611F55F9EE00F5C742 /* ExerciseAddSetCollectionViewCell.swift */ = {isa = PBXFileReference; fileEncoding = 4; lastKnownFileType = sourcecode.swift; path = ExerciseAddSetCollectionViewCell.swift; sourceTree = "<group>"; };
		749D70631F5627A200F5C742 /* ExerciseSetController.swift */ = {isa = PBXFileReference; fileEncoding = 4; lastKnownFileType = sourcecode.swift; path = ExerciseSetController.swift; sourceTree = "<group>"; };
		74C408CB1F672E620004EEF6 /* exercises.json */ = {isa = PBXFileReference; fileEncoding = 4; lastKnownFileType = text.json; path = exercises.json; sourceTree = "<group>"; };
		74DFED3A1F586F4F00FD6775 /* WorkoutsListViewController.swift */ = {isa = PBXFileReference; fileEncoding = 4; lastKnownFileType = sourcecode.swift; path = WorkoutsListViewController.swift; sourceTree = "<group>"; };
		74DFED3C1F586FB800FD6775 /* WorkoutController.swift */ = {isa = PBXFileReference; fileEncoding = 4; lastKnownFileType = sourcecode.swift; path = WorkoutController.swift; sourceTree = "<group>"; };
		74EEC99D1F6C4CCF00A20DF9 /* CustomSegmentedControl.swift */ = {isa = PBXFileReference; fileEncoding = 4; lastKnownFileType = sourcecode.swift; path = CustomSegmentedControl.swift; sourceTree = "<group>"; };
		74F17BBA1F54689A0041D8B8 /* DayOfWeek.swift */ = {isa = PBXFileReference; fileEncoding = 4; lastKnownFileType = sourcecode.swift; path = DayOfWeek.swift; sourceTree = "<group>"; };
		74F17BBC1F5479810041D8B8 /* WorkoutExercise.swift */ = {isa = PBXFileReference; fileEncoding = 4; lastKnownFileType = sourcecode.swift; path = WorkoutExercise.swift; sourceTree = "<group>"; };
		74F17BBE1F547A650041D8B8 /* ExerciseSet.swift */ = {isa = PBXFileReference; fileEncoding = 4; lastKnownFileType = sourcecode.swift; path = ExerciseSet.swift; sourceTree = "<group>"; };
		74F17BC01F5484E80041D8B8 /* NewWorkoutViewController.swift */ = {isa = PBXFileReference; fileEncoding = 4; lastKnownFileType = sourcecode.swift; path = NewWorkoutViewController.swift; sourceTree = "<group>"; };
		74F17BC31F54865A0041D8B8 /* DaysOfWeekTableViewCell.swift */ = {isa = PBXFileReference; fileEncoding = 4; lastKnownFileType = sourcecode.swift; path = DaysOfWeekTableViewCell.swift; sourceTree = "<group>"; };
		74F17BC61F5487630041D8B8 /* WorkoutNameTableViewCell.swift */ = {isa = PBXFileReference; fileEncoding = 4; lastKnownFileType = sourcecode.swift; path = WorkoutNameTableViewCell.swift; sourceTree = "<group>"; };
		74F17BC81F54A9220041D8B8 /* ColorTagTableViewCell.swift */ = {isa = PBXFileReference; fileEncoding = 4; lastKnownFileType = sourcecode.swift; path = ColorTagTableViewCell.swift; sourceTree = "<group>"; };
		74FB878D1F5F00F20029C24D /* WorkoutExercisesTableViewCell.swift */ = {isa = PBXFileReference; fileEncoding = 4; lastKnownFileType = sourcecode.swift; path = WorkoutExercisesTableViewCell.swift; sourceTree = "<group>"; };
		74FB878F1F5F022F0029C24D /* ExerciseSetsCollectionViewCell.swift */ = {isa = PBXFileReference; fileEncoding = 4; lastKnownFileType = sourcecode.swift; path = ExerciseSetsCollectionViewCell.swift; sourceTree = "<group>"; };
		74FB87911F5F0E3F0029C24D /* ExerciseSetsSectionNameCollectionViewCell.swift */ = {isa = PBXFileReference; fileEncoding = 4; lastKnownFileType = sourcecode.swift; path = ExerciseSetsSectionNameCollectionViewCell.swift; sourceTree = "<group>"; };
		74FB87951F5F18AA0029C24D /* VerticalHorizontalScrollingCollectionViewLayout.swift */ = {isa = PBXFileReference; fileEncoding = 4; lastKnownFileType = sourcecode.swift; path = VerticalHorizontalScrollingCollectionViewLayout.swift; sourceTree = "<group>"; };
		74FB87971F5F51D90029C24D /* WorkoutTitleWithDateTableViewCell.swift */ = {isa = PBXFileReference; fileEncoding = 4; lastKnownFileType = sourcecode.swift; path = WorkoutTitleWithDateTableViewCell.swift; sourceTree = "<group>"; };
		74FB879D1F5F747D0029C24D /* WorkoutTimer.swift */ = {isa = PBXFileReference; fileEncoding = 4; lastKnownFileType = sourcecode.swift; path = WorkoutTimer.swift; sourceTree = "<group>"; };
		74FB879F1F6072F60029C24D /* MenuItemTableViewCell.swift */ = {isa = PBXFileReference; fileEncoding = 4; lastKnownFileType = sourcecode.swift; path = MenuItemTableViewCell.swift; sourceTree = "<group>"; };
		74FD89031F521CD60063A4F6 /* Capstone.app */ = {isa = PBXFileReference; explicitFileType = wrapper.application; includeInIndex = 0; path = Capstone.app; sourceTree = BUILT_PRODUCTS_DIR; };
		74FD89061F521CD60063A4F6 /* AppDelegate.swift */ = {isa = PBXFileReference; lastKnownFileType = sourcecode.swift; path = AppDelegate.swift; sourceTree = "<group>"; };
		74FD890B1F521CD70063A4F6 /* Base */ = {isa = PBXFileReference; lastKnownFileType = file.storyboard; name = Base; path = Base.lproj/Main.storyboard; sourceTree = "<group>"; };
		74FD890D1F521CD70063A4F6 /* Assets.xcassets */ = {isa = PBXFileReference; lastKnownFileType = folder.assetcatalog; path = Assets.xcassets; sourceTree = "<group>"; };
		74FD89101F521CD70063A4F6 /* Base */ = {isa = PBXFileReference; lastKnownFileType = file.storyboard; name = Base; path = Base.lproj/LaunchScreen.storyboard; sourceTree = "<group>"; };
		74FD89121F521CD70063A4F6 /* Info.plist */ = {isa = PBXFileReference; lastKnownFileType = text.plist.xml; path = Info.plist; sourceTree = "<group>"; };
		74FD891B1F521D470063A4F6 /* Exercise.swift */ = {isa = PBXFileReference; fileEncoding = 4; lastKnownFileType = sourcecode.swift; path = Exercise.swift; sourceTree = "<group>"; };
		74FD891E1F521EC10063A4F6 /* ExerciseController.swift */ = {isa = PBXFileReference; fileEncoding = 4; lastKnownFileType = sourcecode.swift; path = ExerciseController.swift; sourceTree = "<group>"; };
		74FD89211F52249C0063A4F6 /* ExerciseListViewController.swift */ = {isa = PBXFileReference; fileEncoding = 4; lastKnownFileType = sourcecode.swift; path = ExerciseListViewController.swift; sourceTree = "<group>"; };
/* End PBXFileReference section */

/* Begin PBXFrameworksBuildPhase section */
		74FD89001F521CD60063A4F6 /* Frameworks */ = {
			isa = PBXFrameworksBuildPhase;
			buildActionMask = 2147483647;
			files = (
			);
			runOnlyForDeploymentPostprocessing = 0;
		};
/* End PBXFrameworksBuildPhase section */

/* Begin PBXGroup section */
		7443627E1F6CCC54006BC0BB /* Fonts */ = {
			isa = PBXGroup;
			children = (
				7443627F1F6CCC86006BC0BB /* TitilliumWeb-Regular.ttf */,
			);
			name = Fonts;
			sourceTree = "<group>";
		};
		747CFA1C1F5CBC6400CCEA13 /* Protocols */ = {
			isa = PBXGroup;
			children = (
				747CFA1D1F5CBC7900CCEA13 /* Cloneable.swift */,
			);
			name = Protocols;
			sourceTree = "<group>";
		};
		74F17BC21F5485930041D8B8 /* Views */ = {
			isa = PBXGroup;
			children = (
				74F17BC61F5487630041D8B8 /* WorkoutNameTableViewCell.swift */,
				74F17BC81F54A9220041D8B8 /* ColorTagTableViewCell.swift */,
				74F17BC31F54865A0041D8B8 /* DaysOfWeekTableViewCell.swift */,
				749D705F1F55E02300F5C742 /* WorkoutExerciseAddSetTableViewCell.swift */,
				749D70611F55F9EE00F5C742 /* ExerciseAddSetCollectionViewCell.swift */,
			);
			name = Views;
			sourceTree = "<group>";
		};
		74F17BC51F54872D0041D8B8 /* New Workout */ = {
			isa = PBXGroup;
			children = (
				749D70591F55B6EC00F5C742 /* NewWorkoutPageViewController.swift */,
				74F17BC01F5484E80041D8B8 /* NewWorkoutViewController.swift */,
				749D705B1F55B94800F5C742 /* NewWorkoutExercisesSelectedViewController.swift */,
				74F17BC21F5485930041D8B8 /* Views */,
			);
			name = "New Workout";
			sourceTree = "<group>";
		};
		74FB87941F5F18180029C24D /* Flow Layouts */ = {
			isa = PBXGroup;
			children = (
				74FB87951F5F18AA0029C24D /* VerticalHorizontalScrollingCollectionViewLayout.swift */,
			);
			name = "Flow Layouts";
			sourceTree = "<group>";
		};
		74FD88FA1F521CD60063A4F6 = {
			isa = PBXGroup;
			children = (
				74FD89051F521CD60063A4F6 /* Capstone */,
				74FD89041F521CD60063A4F6 /* Products */,
			);
			sourceTree = "<group>";
		};
		74FD89041F521CD60063A4F6 /* Products */ = {
			isa = PBXGroup;
			children = (
				74FD89031F521CD60063A4F6 /* Capstone.app */,
			);
			name = Products;
			sourceTree = "<group>";
		};
		74FD89051F521CD60063A4F6 /* Capstone */ = {
			isa = PBXGroup;
			children = (
				74FD89061F521CD60063A4F6 /* AppDelegate.swift */,
				747CFA1C1F5CBC6400CCEA13 /* Protocols */,
				74FB87941F5F18180029C24D /* Flow Layouts */,
				74FD891A1F521D2D0063A4F6 /* Models */,
				74FD891D1F521E960063A4F6 /* Model Controllers */,
				74FD89201F5224700063A4F6 /* View Controllers */,
				74FD89181F521D010063A4F6 /* Storyboards */,
				7443627E1F6CCC54006BC0BB /* Fonts */,
				74FD89191F521D170063A4F6 /* Resources */,
			);
			path = Capstone;
			sourceTree = "<group>";
		};
		74FD89181F521D010063A4F6 /* Storyboards */ = {
			isa = PBXGroup;
			children = (
				74FD890A1F521CD70063A4F6 /* Main.storyboard */,
				74FD890F1F521CD70063A4F6 /* LaunchScreen.storyboard */,
			);
			name = Storyboards;
			sourceTree = "<group>";
		};
		74FD89191F521D170063A4F6 /* Resources */ = {
			isa = PBXGroup;
			children = (
				74FD890D1F521CD70063A4F6 /* Assets.xcassets */,
				74FD89121F521CD70063A4F6 /* Info.plist */,
			);
			name = Resources;
			sourceTree = "<group>";
		};
		74FD891A1F521D2D0063A4F6 /* Models */ = {
			isa = PBXGroup;
			children = (
				744CFD761F6836BD00C3679E /* Capstone.xcdatamodeld */,
				744CFD791F6837F300C3679E /* CoreDataStack.swift */,
				747CFA161F5C5E2C00CCEA13 /* WorkoutCompleted.swift */,
				749AD5521F53483800EB481E /* Workout.swift */,
				7464F7201F69891E006C48B8 /* ActualWorkout.swift */,
				74F17BBA1F54689A0041D8B8 /* DayOfWeek.swift */,
				74FD891B1F521D470063A4F6 /* Exercise.swift */,
				74F17BBC1F5479810041D8B8 /* WorkoutExercise.swift */,
				74F17BBE1F547A650041D8B8 /* ExerciseSet.swift */,
				7464F71E1F6988B6006C48B8 /* TagColor.swift */,
				7450976E1F6DED0D00F4D30F /* WorkoutExerciseActual.swift */,
				745097701F6DEE2900F4D30F /* ExerciseSetActual.swift */,
			);
			name = Models;
			sourceTree = "<group>";
		};
		74FD891D1F521E960063A4F6 /* Model Controllers */ = {
			isa = PBXGroup;
			children = (
				7464F71C1F698000006C48B8 /* FetchedResultsController.swift */,
				747CFA1F1F5CC2E300CCEA13 /* WorkoutCompletedController.swift */,
				74DFED3C1F586FB800FD6775 /* WorkoutController.swift */,
				7464F7221F698ADE006C48B8 /* ActualWorkoutController.swift */,
				74FD891E1F521EC10063A4F6 /* ExerciseController.swift */,
				74C408CB1F672E620004EEF6 /* exercises.json */,
				749D705D1F55D18300F5C742 /* WorkoutExerciseController.swift */,
				749D70631F5627A200F5C742 /* ExerciseSetController.swift */,
				74FB879D1F5F747D0029C24D /* WorkoutTimer.swift */,
			);
			name = "Model Controllers";
			sourceTree = "<group>";
		};
		74FD89201F5224700063A4F6 /* View Controllers */ = {
			isa = PBXGroup;
			children = (
				744362811F6CD2BC006BC0BB /* SettingsController.swift */,
				747CFA181F5C74F800CCEA13 /* HomeViewController.swift */,
				74FB879F1F6072F60029C24D /* MenuItemTableViewCell.swift */,
				747CFA1A1F5C81D700CCEA13 /* WorkoutTitleTableViewCell.swift */,
				74FB87971F5F51D90029C24D /* WorkoutTitleWithDateTableViewCell.swift */,
				74FB878D1F5F00F20029C24D /* WorkoutExercisesTableViewCell.swift */,
				74FB87911F5F0E3F0029C24D /* ExerciseSetsSectionNameCollectionViewCell.swift */,
				74FB878F1F5F022F0029C24D /* ExerciseSetsCollectionViewCell.swift */,
				747CFA211F5CC97000CCEA13 /* StartedWorkoutOverviewViewController.swift */,
				747CFA231F5CCE4100CCEA13 /* StartedWorkoutExerciseTableViewCell.swift */,
				747CFA251F5CD20600CCEA13 /* StartedWorkoutSetCollectionViewCell.swift */,
				747CFA271F5DC7D600CCEA13 /* StartedWorkoutExerciseDetailViewController.swift */,
				747CFA291F5DD41E00CCEA13 /* StartedWorkoutSetDetailTableViewCell.swift */,
				74DFED3A1F586F4F00FD6775 /* WorkoutsListViewController.swift */,
				742E62871F6B63B8001943DE /* WorkoutListTableViewCell.swift */,
				74F17BC51F54872D0041D8B8 /* New Workout */,
				74FD89211F52249C0063A4F6 /* ExerciseListViewController.swift */,
				74EEC99D1F6C4CCF00A20DF9 /* CustomSegmentedControl.swift */,
			);
			name = "View Controllers";
			sourceTree = "<group>";
		};
/* End PBXGroup section */

/* Begin PBXNativeTarget section */
		74FD89021F521CD60063A4F6 /* Capstone */ = {
			isa = PBXNativeTarget;
			buildConfigurationList = 74FD89151F521CD70063A4F6 /* Build configuration list for PBXNativeTarget "Capstone" */;
			buildPhases = (
				74FD88FF1F521CD60063A4F6 /* Sources */,
				74FD89001F521CD60063A4F6 /* Frameworks */,
				74FD89011F521CD60063A4F6 /* Resources */,
			);
			buildRules = (
			);
			dependencies = (
			);
			name = Capstone;
			productName = Capstone;
			productReference = 74FD89031F521CD60063A4F6 /* Capstone.app */;
			productType = "com.apple.product-type.application";
		};
/* End PBXNativeTarget section */

/* Begin PBXProject section */
		74FD88FB1F521CD60063A4F6 /* Project object */ = {
			isa = PBXProject;
			attributes = {
				LastSwiftUpdateCheck = 0830;
				LastUpgradeCheck = 0830;
				ORGANIZATIONNAME = "Mithun Reddy";
				TargetAttributes = {
					74FD89021F521CD60063A4F6 = {
						CreatedOnToolsVersion = 8.3.3;
						DevelopmentTeam = 83563957Z4;
						ProvisioningStyle = Automatic;
					};
				};
			};
			buildConfigurationList = 74FD88FE1F521CD60063A4F6 /* Build configuration list for PBXProject "Capstone" */;
			compatibilityVersion = "Xcode 3.2";
			developmentRegion = English;
			hasScannedForEncodings = 0;
			knownRegions = (
				en,
				Base,
			);
			mainGroup = 74FD88FA1F521CD60063A4F6;
			productRefGroup = 74FD89041F521CD60063A4F6 /* Products */;
			projectDirPath = "";
			projectRoot = "";
			targets = (
				74FD89021F521CD60063A4F6 /* Capstone */,
			);
		};
/* End PBXProject section */

/* Begin PBXResourcesBuildPhase section */
		74FD89011F521CD60063A4F6 /* Resources */ = {
			isa = PBXResourcesBuildPhase;
			buildActionMask = 2147483647;
			files = (
				744362801F6CCC86006BC0BB /* TitilliumWeb-Regular.ttf in Resources */,
				74FD89111F521CD70063A4F6 /* LaunchScreen.storyboard in Resources */,
				74C408CC1F672E620004EEF6 /* exercises.json in Resources */,
				74FD890E1F521CD70063A4F6 /* Assets.xcassets in Resources */,
				74FD890C1F521CD70063A4F6 /* Main.storyboard in Resources */,
			);
			runOnlyForDeploymentPostprocessing = 0;
		};
/* End PBXResourcesBuildPhase section */

/* Begin PBXSourcesBuildPhase section */
		74FD88FF1F521CD60063A4F6 /* Sources */ = {
			isa = PBXSourcesBuildPhase;
			buildActionMask = 2147483647;
			files = (
				749D70641F5627A200F5C742 /* ExerciseSetController.swift in Sources */,
				74F17BC71F5487630041D8B8 /* WorkoutNameTableViewCell.swift in Sources */,
				74F17BBF1F547A650041D8B8 /* ExerciseSet.swift in Sources */,
				74FD89221F52249C0063A4F6 /* ExerciseListViewController.swift in Sources */,
				74FD89071F521CD60063A4F6 /* AppDelegate.swift in Sources */,
				74FD891F1F521EC10063A4F6 /* ExerciseController.swift in Sources */,
				744CFD7A1F6837F300C3679E /* CoreDataStack.swift in Sources */,
				742E62881F6B63B8001943DE /* WorkoutListTableViewCell.swift in Sources */,
				74F17BBB1F54689A0041D8B8 /* DayOfWeek.swift in Sources */,
				747CFA191F5C74F800CCEA13 /* HomeViewController.swift in Sources */,
				749D705A1F55B6EC00F5C742 /* NewWorkoutPageViewController.swift in Sources */,
				747CFA2A1F5DD41E00CCEA13 /* StartedWorkoutSetDetailTableViewCell.swift in Sources */,
				744CFD781F6836BD00C3679E /* Capstone.xcdatamodeld in Sources */,
				747CFA281F5DC7D600CCEA13 /* StartedWorkoutExerciseDetailViewController.swift in Sources */,
				747CFA241F5CCE4100CCEA13 /* StartedWorkoutExerciseTableViewCell.swift in Sources */,
				749D705E1F55D18300F5C742 /* WorkoutExerciseController.swift in Sources */,
				74FB87901F5F022F0029C24D /* ExerciseSetsCollectionViewCell.swift in Sources */,
				74DFED3D1F586FB800FD6775 /* WorkoutController.swift in Sources */,
				74DFED3B1F586F4F00FD6775 /* WorkoutsListViewController.swift in Sources */,
				7464F71D1F698000006C48B8 /* FetchedResultsController.swift in Sources */,
				744362821F6CD2BC006BC0BB /* SettingsController.swift in Sources */,
				74FB87A01F6072F60029C24D /* MenuItemTableViewCell.swift in Sources */,
				74F17BC41F54865A0041D8B8 /* DaysOfWeekTableViewCell.swift in Sources */,
				749AD5531F53483800EB481E /* Workout.swift in Sources */,
				74EEC99E1F6C4CCF00A20DF9 /* CustomSegmentedControl.swift in Sources */,
				74FB87961F5F18AA0029C24D /* VerticalHorizontalScrollingCollectionViewLayout.swift in Sources */,
				74F17BC91F54A9220041D8B8 /* ColorTagTableViewCell.swift in Sources */,
				7464F71F1F6988B6006C48B8 /* TagColor.swift in Sources */,
				747CFA221F5CC97000CCEA13 /* StartedWorkoutOverviewViewController.swift in Sources */,
				7450976F1F6DED0D00F4D30F /* WorkoutExerciseActual.swift in Sources */,
				749D70621F55F9EE00F5C742 /* ExerciseAddSetCollectionViewCell.swift in Sources */,
				74FB87921F5F0E3F0029C24D /* ExerciseSetsSectionNameCollectionViewCell.swift in Sources */,
				745097711F6DEE2900F4D30F /* ExerciseSetActual.swift in Sources */,
				749D705C1F55B94800F5C742 /* NewWorkoutExercisesSelectedViewController.swift in Sources */,
				74F17BC11F5484E80041D8B8 /* NewWorkoutViewController.swift in Sources */,
				74FB87981F5F51D90029C24D /* WorkoutTitleWithDateTableViewCell.swift in Sources */,
				74FB878E1F5F00F20029C24D /* WorkoutExercisesTableViewCell.swift in Sources */,
				747CFA171F5C5E2C00CCEA13 /* WorkoutCompleted.swift in Sources */,
				747CFA1B1F5C81D700CCEA13 /* WorkoutTitleTableViewCell.swift in Sources */,
				74F17BBD1F5479810041D8B8 /* WorkoutExercise.swift in Sources */,
				749D70601F55E02300F5C742 /* WorkoutExerciseAddSetTableViewCell.swift in Sources */,
				74FB879E1F5F747D0029C24D /* WorkoutTimer.swift in Sources */,
				74FD891C1F521D470063A4F6 /* Exercise.swift in Sources */,
				747CFA261F5CD20600CCEA13 /* StartedWorkoutSetCollectionViewCell.swift in Sources */,
				7464F7211F69891E006C48B8 /* ActualWorkout.swift in Sources */,
				7464F7231F698ADE006C48B8 /* ActualWorkoutController.swift in Sources */,
				747CFA201F5CC2E300CCEA13 /* WorkoutCompletedController.swift in Sources */,
				747CFA1E1F5CBC7900CCEA13 /* Cloneable.swift in Sources */,
			);
			runOnlyForDeploymentPostprocessing = 0;
		};
/* End PBXSourcesBuildPhase section */

/* Begin PBXVariantGroup section */
		74FD890A1F521CD70063A4F6 /* Main.storyboard */ = {
			isa = PBXVariantGroup;
			children = (
				74FD890B1F521CD70063A4F6 /* Base */,
			);
			name = Main.storyboard;
			sourceTree = "<group>";
		};
		74FD890F1F521CD70063A4F6 /* LaunchScreen.storyboard */ = {
			isa = PBXVariantGroup;
			children = (
				74FD89101F521CD70063A4F6 /* Base */,
			);
			name = LaunchScreen.storyboard;
			sourceTree = "<group>";
		};
/* End PBXVariantGroup section */

/* Begin XCBuildConfiguration section */
		74FD89131F521CD70063A4F6 /* Debug */ = {
			isa = XCBuildConfiguration;
			buildSettings = {
				ALWAYS_SEARCH_USER_PATHS = NO;
				CLANG_ANALYZER_NONNULL = YES;
				CLANG_ANALYZER_NUMBER_OBJECT_CONVERSION = YES_AGGRESSIVE;
				CLANG_CXX_LANGUAGE_STANDARD = "gnu++0x";
				CLANG_CXX_LIBRARY = "libc++";
				CLANG_ENABLE_MODULES = YES;
				CLANG_ENABLE_OBJC_ARC = YES;
				CLANG_WARN_BOOL_CONVERSION = YES;
				CLANG_WARN_CONSTANT_CONVERSION = YES;
				CLANG_WARN_DIRECT_OBJC_ISA_USAGE = YES_ERROR;
				CLANG_WARN_DOCUMENTATION_COMMENTS = YES;
				CLANG_WARN_EMPTY_BODY = YES;
				CLANG_WARN_ENUM_CONVERSION = YES;
				CLANG_WARN_INFINITE_RECURSION = YES;
				CLANG_WARN_INT_CONVERSION = YES;
				CLANG_WARN_OBJC_ROOT_CLASS = YES_ERROR;
				CLANG_WARN_SUSPICIOUS_MOVE = YES;
				CLANG_WARN_UNREACHABLE_CODE = YES;
				CLANG_WARN__DUPLICATE_METHOD_MATCH = YES;
				"CODE_SIGN_IDENTITY[sdk=iphoneos*]" = "iPhone Developer";
				COPY_PHASE_STRIP = NO;
				DEBUG_INFORMATION_FORMAT = dwarf;
				ENABLE_STRICT_OBJC_MSGSEND = YES;
				ENABLE_TESTABILITY = YES;
				GCC_C_LANGUAGE_STANDARD = gnu99;
				GCC_DYNAMIC_NO_PIC = NO;
				GCC_NO_COMMON_BLOCKS = YES;
				GCC_OPTIMIZATION_LEVEL = 0;
				GCC_PREPROCESSOR_DEFINITIONS = (
					"DEBUG=1",
					"$(inherited)",
				);
				GCC_WARN_64_TO_32_BIT_CONVERSION = YES;
				GCC_WARN_ABOUT_RETURN_TYPE = YES_ERROR;
				GCC_WARN_UNDECLARED_SELECTOR = YES;
				GCC_WARN_UNINITIALIZED_AUTOS = YES_AGGRESSIVE;
				GCC_WARN_UNUSED_FUNCTION = YES;
				GCC_WARN_UNUSED_VARIABLE = YES;
				IPHONEOS_DEPLOYMENT_TARGET = 10.3;
				MTL_ENABLE_DEBUG_INFO = YES;
				ONLY_ACTIVE_ARCH = YES;
				SDKROOT = iphoneos;
				SWIFT_ACTIVE_COMPILATION_CONDITIONS = DEBUG;
				SWIFT_OPTIMIZATION_LEVEL = "-Onone";
				TARGETED_DEVICE_FAMILY = "1,2";
			};
			name = Debug;
		};
		74FD89141F521CD70063A4F6 /* Release */ = {
			isa = XCBuildConfiguration;
			buildSettings = {
				ALWAYS_SEARCH_USER_PATHS = NO;
				CLANG_ANALYZER_NONNULL = YES;
				CLANG_ANALYZER_NUMBER_OBJECT_CONVERSION = YES_AGGRESSIVE;
				CLANG_CXX_LANGUAGE_STANDARD = "gnu++0x";
				CLANG_CXX_LIBRARY = "libc++";
				CLANG_ENABLE_MODULES = YES;
				CLANG_ENABLE_OBJC_ARC = YES;
				CLANG_WARN_BOOL_CONVERSION = YES;
				CLANG_WARN_CONSTANT_CONVERSION = YES;
				CLANG_WARN_DIRECT_OBJC_ISA_USAGE = YES_ERROR;
				CLANG_WARN_DOCUMENTATION_COMMENTS = YES;
				CLANG_WARN_EMPTY_BODY = YES;
				CLANG_WARN_ENUM_CONVERSION = YES;
				CLANG_WARN_INFINITE_RECURSION = YES;
				CLANG_WARN_INT_CONVERSION = YES;
				CLANG_WARN_OBJC_ROOT_CLASS = YES_ERROR;
				CLANG_WARN_SUSPICIOUS_MOVE = YES;
				CLANG_WARN_UNREACHABLE_CODE = YES;
				CLANG_WARN__DUPLICATE_METHOD_MATCH = YES;
				"CODE_SIGN_IDENTITY[sdk=iphoneos*]" = "iPhone Developer";
				COPY_PHASE_STRIP = NO;
				DEBUG_INFORMATION_FORMAT = "dwarf-with-dsym";
				ENABLE_NS_ASSERTIONS = NO;
				ENABLE_STRICT_OBJC_MSGSEND = YES;
				GCC_C_LANGUAGE_STANDARD = gnu99;
				GCC_NO_COMMON_BLOCKS = YES;
				GCC_WARN_64_TO_32_BIT_CONVERSION = YES;
				GCC_WARN_ABOUT_RETURN_TYPE = YES_ERROR;
				GCC_WARN_UNDECLARED_SELECTOR = YES;
				GCC_WARN_UNINITIALIZED_AUTOS = YES_AGGRESSIVE;
				GCC_WARN_UNUSED_FUNCTION = YES;
				GCC_WARN_UNUSED_VARIABLE = YES;
				IPHONEOS_DEPLOYMENT_TARGET = 10.3;
				MTL_ENABLE_DEBUG_INFO = NO;
				SDKROOT = iphoneos;
				SWIFT_OPTIMIZATION_LEVEL = "-Owholemodule";
				TARGETED_DEVICE_FAMILY = "1,2";
				VALIDATE_PRODUCT = YES;
			};
			name = Release;
		};
		74FD89161F521CD70063A4F6 /* Debug */ = {
			isa = XCBuildConfiguration;
			buildSettings = {
				ASSETCATALOG_COMPILER_APPICON_NAME = AppIcon;
				DEVELOPMENT_TEAM = 83563957Z4;
				INFOPLIST_FILE = Capstone/Info.plist;
				LD_RUNPATH_SEARCH_PATHS = "$(inherited) @executable_path/Frameworks";
				PRODUCT_BUNDLE_IDENTIFIER = com.MithunReddy.Capstone;
				PRODUCT_NAME = "$(TARGET_NAME)";
				SWIFT_VERSION = 3.0;
			};
			name = Debug;
		};
		74FD89171F521CD70063A4F6 /* Release */ = {
			isa = XCBuildConfiguration;
			buildSettings = {
				ASSETCATALOG_COMPILER_APPICON_NAME = AppIcon;
				DEVELOPMENT_TEAM = 83563957Z4;
				INFOPLIST_FILE = Capstone/Info.plist;
				LD_RUNPATH_SEARCH_PATHS = "$(inherited) @executable_path/Frameworks";
				PRODUCT_BUNDLE_IDENTIFIER = com.MithunReddy.Capstone;
				PRODUCT_NAME = "$(TARGET_NAME)";
				SWIFT_VERSION = 3.0;
			};
			name = Release;
		};
/* End XCBuildConfiguration section */

/* Begin XCConfigurationList section */
		74FD88FE1F521CD60063A4F6 /* Build configuration list for PBXProject "Capstone" */ = {
			isa = XCConfigurationList;
			buildConfigurations = (
				74FD89131F521CD70063A4F6 /* Debug */,
				74FD89141F521CD70063A4F6 /* Release */,
			);
			defaultConfigurationIsVisible = 0;
			defaultConfigurationName = Release;
		};
		74FD89151F521CD70063A4F6 /* Build configuration list for PBXNativeTarget "Capstone" */ = {
			isa = XCConfigurationList;
			buildConfigurations = (
				74FD89161F521CD70063A4F6 /* Debug */,
				74FD89171F521CD70063A4F6 /* Release */,
			);
			defaultConfigurationIsVisible = 0;
			defaultConfigurationName = Release;
		};
/* End XCConfigurationList section */

/* Begin XCVersionGroup section */
		744CFD761F6836BD00C3679E /* Capstone.xcdatamodeld */ = {
			isa = XCVersionGroup;
			children = (
				744CFD771F6836BD00C3679E /* Capstone.xcdatamodel */,
			);
			currentVersion = 744CFD771F6836BD00C3679E /* Capstone.xcdatamodel */;
			path = Capstone.xcdatamodeld;
			sourceTree = "<group>";
			versionGroupType = wrapper.xcdatamodel;
		};
/* End XCVersionGroup section */
	};
	rootObject = 74FD88FB1F521CD60063A4F6 /* Project object */;
}
